<?xml version="1.0" encoding="UTF-8" standalone="yes" ?>
<CodeBlocks_project_file>
	<FileVersion major="1" minor="6" />
	<Project>
		<Option title="GYM_Solution" />
		<Option pch_mode="2" />
		<Option compiler="gcc" />
		<Build>
			<Target title="Debug">
				<Option output="bin/Debug/GYM_Solution" prefix_auto="1" extension_auto="1" />
				<Option object_output="obj/Debug/" />
				<Option type="1" />
				<Option compiler="gcc" />
				<Compiler>
					<Add option="-g" />
					<Add directory="include" />
				</Compiler>
			</Target>
			<Target title="Release">
				<Option output="bin/Release/GYM_Solution" prefix_auto="1" extension_auto="1" />
				<Option object_output="obj/Release/" />
				<Option type="1" />
				<Option compiler="gcc" />
				<Compiler>
					<Add option="-O2" />
					<Add directory="include" />
				</Compiler>
				<Linker>
					<Add option="-s" />
				</Linker>
			</Target>
		</Build>
		<Compiler>
			<Add option="-Wall" />
			<Add option="-fexceptions" />
		</Compiler>
		<Unit filename="include/Articulos/Articulo.h" />
		<Unit filename="include/Articulos/Articulos_Archivo.h" />
		<Unit filename="include/Articulos/Articulos_Negocio.h" />
		<Unit filename="include/Articulos/Articulos_Presentacion.h" />
		<Unit filename="include/Clientes/Cliente.h" />
		<Unit filename="include/Clientes/Clientes_Archivo.h" />
		<Unit filename="include/Clientes/Clientes_Negocio.h" />
		<Unit filename="include/Clientes/Clientes_Presentacion.h" />
		<Unit filename="include/Facturas/Factura.h" />
		<Unit filename="include/Facturas/Facturas_Archivo.h" />
		<Unit filename="include/Facturas/Facturas_Negocio.h" />
		<Unit filename="include/Facturas/Facturas_Presentacion.h" />
		<Unit filename="include/Fecha/Fecha.h" />
		<Unit filename="include/FuncionesExtras.h" />
		<Unit filename="include/Item.h" />
		<Unit filename="include/Items_Facturas/Item_Factura.h" />
		<Unit filename="include/Items_Facturas/Items_Facturas_Archivo.h" />
		<Unit filename="include/Items_Facturas/Items_Facturas_Negocio.h" />
		<Unit filename="include/Items_Facturas/Items_Facturas_Presentacion.h" />
		<Unit filename="include/Menus.h">
			<Option target="&lt;{~None~}&gt;" />
		</Unit>
		<Unit filename="include/Persona.h" />
		<Unit filename="include/Planes/Plan.h" />
		<Unit filename="include/Planes/Planes_Archivo.h" />
		<Unit filename="include/Planes/Planes_Negocio.h" />
		<Unit filename="include/Planes/Planes_Presentacion.h" />
		<Unit filename="include/Stock/Stock_Database.h" />
		<Unit filename="include/Stock/Stock_Negocio.h" />
		<Unit filename="include/Stock/Stock_Presentacion.h" />
		<Unit filename="include/Usuarios/Usuario.h" />
		<Unit filename="include/Usuarios/Usuarios_Archivo.h" />
		<Unit filename="include/Usuarios/Usuarios_Negocio.h" />
		<Unit filename="include/Usuarios/Usuarios_Presentacion.h" />
		<Unit filename="include/Validaciones.h">
			<Option target="&lt;{~None~}&gt;" />
		</Unit>
		<Unit filename="include/rlutil.h" />
		<Unit filename="main.cpp" />
		<Unit filename="src/Articulos/Articulo.cpp" />
		<Unit filename="src/Articulos/Articulos_Archivo.cpp" />
		<Unit filename="src/Articulos/Articulos_Negocio.cpp" />
		<Unit filename="src/Articulos/Articulos_Presentacion.cpp" />
		<Unit filename="src/Clientes/Cliente.cpp" />
		<Unit filename="src/Clientes/Clientes_Archivo.cpp" />
		<Unit filename="src/Clientes/Clientes_Negocio.cpp" />
		<Unit filename="src/Clientes/Clientes_Presentacion.cpp" />
		<Unit filename="src/Facturas/Factura.cpp" />
		<Unit filename="src/Facturas/Facturas_Archivo.cpp" />
		<Unit filename="src/Facturas/Facturas_Negocio.cpp" />
		<Unit filename="src/Facturas/Facturas_Presentacion.cpp" />
		<Unit filename="src/Fecha/Fecha.cpp" />
		<Unit filename="src/FuncionesExtras.cpp" />
		<Unit filename="src/Item.cpp" />
		<Unit filename="src/Items_Facturas/Item_Factura.cpp" />
		<Unit filename="src/Items_Facturas/Items_Facturas_Archivo.cpp" />
		<Unit filename="src/Items_Facturas/Items_Facturas_Negocio.cpp" />
		<Unit filename="src/Items_Facturas/Items_Facturas_Presentacion.cpp" />
		<Unit filename="src/Persona.cpp" />
		<Unit filename="src/Planes/Plan.cpp" />
		<Unit filename="src/Planes/Planes_Archivo.cpp" />
		<Unit filename="src/Planes/Planes_Negocio.cpp" />
		<Unit filename="src/Planes/Planes_Presentacion.cpp" />
		<Unit filename="src/Stock/Stock_Database.cpp" />
		<Unit filename="src/Stock/Stock_Negocio.cpp" />
		<Unit filename="src/Stock/Stock_Presentacion.cpp" />
		<Unit filename="src/Usuarios/Usuario.cpp" />
		<Unit filename="src/Usuarios/Usuarios_Archivo.cpp" />
		<Unit filename="src/Usuarios/Usuarios_Negocio.cpp" />
		<Unit filename="src/Usuarios/Usuarios_Presentacion.cpp" />
		<Extensions>
			<lib_finder disable_auto="1" />
		</Extensions>
	</Project>
</CodeBlocks_project_file>
